// !$*UTF8*$!
{
	archiveVersion = 1;
	classes = {
	};
	objectVersion = 46;
	objects = {

/* Begin PBXBuildFile section */
		A1CB04CB1C31BEDA0011D799 /* FJLWineViewController.m in Sources */ = {isa = PBXBuildFile; fileRef = A1CB04C91C31BEDA0011D799 /* FJLWineViewController.m */; };
		A1CB04CE1C32FFBE0011D799 /* splitView_score_glass@2x.png in Resources */ = {isa = PBXBuildFile; fileRef = A1CB04CD1C32FFBE0011D799 /* splitView_score_glass@2x.png */; };
		A1CB04D11C3301420011D799 /* bembibre.jpg in Resources */ = {isa = PBXBuildFile; fileRef = A1CB04D01C3301420011D799 /* bembibre.jpg */; };
		A1CB04D91C33EECF0011D799 /* Baccus-Info.plist in Resources */ = {isa = PBXBuildFile; fileRef = A1CB04D81C33EECF0011D799 /* Baccus-Info.plist */; };
		A1CB04E61C33F9CA0011D799 /* FJLWebViewController.m in Sources */ = {isa = PBXBuildFile; fileRef = A1CB04E41C33F9CA0011D799 /* FJLWebViewController.m */; };
		A1CB04E71C33F9CA0011D799 /* FJLWebViewController.xib in Resources */ = {isa = PBXBuildFile; fileRef = A1CB04E51C33F9CA0011D799 /* FJLWebViewController.xib */; };
		A1CB053C1C344CF70011D799 /* comtesDeChampagne.jpg in Resources */ = {isa = PBXBuildFile; fileRef = A1CB053B1C344CF70011D799 /* comtesDeChampagne.jpg */; };
		A1CB053E1C344CFD0011D799 /* zarate.gif in Resources */ = {isa = PBXBuildFile; fileRef = A1CB053D1C344CFD0011D799 /* zarate.gif */; };
		A1CB05411C3E74190011D799 /* FJLWineryModel.m in Sources */ = {isa = PBXBuildFile; fileRef = A1CB05401C3E74190011D799 /* FJLWineryModel.m */; };
		A1CB05441C3E7EC80011D799 /* FJLWineryTableViewController.m in Sources */ = {isa = PBXBuildFile; fileRef = A1CB05431C3E7EC80011D799 /* FJLWineryTableViewController.m */; };
		A1CB05771C4F84080011D799 /* Default.png in Resources */ = {isa = PBXBuildFile; fileRef = A1CB056E1C4F84080011D799 /* Default.png */; };
		A1CB05781C4F84080011D799 /* Default-Portrait~ipad.png in Resources */ = {isa = PBXBuildFile; fileRef = A1CB056F1C4F84080011D799 /* Default-Portrait~ipad.png */; };
		A1CB05791C4F84080011D799 /* Default-Portrait@2x~ipad.png in Resources */ = {isa = PBXBuildFile; fileRef = A1CB05701C4F84080011D799 /* Default-Portrait@2x~ipad.png */; };
		A1CB057A1C4F84080011D799 /* Default@2x.png in Resources */ = {isa = PBXBuildFile; fileRef = A1CB05711C4F84080011D799 /* Default@2x.png */; };
		A1CB057B1C4F84080011D799 /* Default-568h@2x.png in Resources */ = {isa = PBXBuildFile; fileRef = A1CB05721C4F84080011D799 /* Default-568h@2x.png */; };
		A1CB057C1C4F84080011D799 /* IconiPhone.png in Resources */ = {isa = PBXBuildFile; fileRef = A1CB05731C4F84080011D799 /* IconiPhone.png */; };
		A1CB057D1C4F84080011D799 /* IconiPhone@2x.png in Resources */ = {isa = PBXBuildFile; fileRef = A1CB05741C4F84080011D799 /* IconiPhone@2x.png */; };
		A1CB057E1C4F84080011D799 /* Icon-72@2x.png in Resources */ = {isa = PBXBuildFile; fileRef = A1CB05751C4F84080011D799 /* Icon-72@2x.png */; };
		A1CB057F1C4F84080011D799 /* Icon-72.png in Resources */ = {isa = PBXBuildFile; fileRef = A1CB05761C4F84080011D799 /* Icon-72.png */; };
		A1CB05A91C4F84360011D799 /* navBarBackgroundPortraitiPad.png in Resources */ = {isa = PBXBuildFile; fileRef = A1CB05801C4F84360011D799 /* navBarBackgroundPortraitiPad.png */; };
		A1CB05AA1C4F84360011D799 /* navBarBackgroundPortraitiPad@2x.png in Resources */ = {isa = PBXBuildFile; fileRef = A1CB05811C4F84360011D799 /* navBarBackgroundPortraitiPad@2x.png */; };
		A1CB05AB1C4F84360011D799 /* navBarBackgroundLandscapeiPad.png in Resources */ = {isa = PBXBuildFile; fileRef = A1CB05821C4F84360011D799 /* navBarBackgroundLandscapeiPad.png */; };
		A1CB05AC1C4F84360011D799 /* navBarBackgroundLandscapeiPad@2x.png in Resources */ = {isa = PBXBuildFile; fileRef = A1CB05831C4F84360011D799 /* navBarBackgroundLandscapeiPad@2x.png */; };
		A1CB05AD1C4F84360011D799 /* fileteBodega.png in Resources */ = {isa = PBXBuildFile; fileRef = A1CB05841C4F84360011D799 /* fileteBodega.png */; };
		A1CB05AE1C4F84360011D799 /* fileteBodega@2x.png in Resources */ = {isa = PBXBuildFile; fileRef = A1CB05851C4F84360011D799 /* fileteBodega@2x.png */; };
		A1CB05AF1C4F84360011D799 /* fileteTipo.png in Resources */ = {isa = PBXBuildFile; fileRef = A1CB05861C4F84360011D799 /* fileteTipo.png */; };
		A1CB05B01C4F84360011D799 /* fileteTipo@2x.png in Resources */ = {isa = PBXBuildFile; fileRef = A1CB05871C4F84360011D799 /* fileteTipo@2x.png */; };
		A1CB05B11C4F84360011D799 /* fileteDenominacion.png in Resources */ = {isa = PBXBuildFile; fileRef = A1CB05881C4F84360011D799 /* fileteDenominacion.png */; };
		A1CB05B21C4F84360011D799 /* fileteDenominacion@2x.png in Resources */ = {isa = PBXBuildFile; fileRef = A1CB05891C4F84360011D799 /* fileteDenominacion@2x.png */; };
		A1CB05B31C4F84360011D799 /* fileteUva.png in Resources */ = {isa = PBXBuildFile; fileRef = A1CB058A1C4F84360011D799 /* fileteUva.png */; };
		A1CB05B41C4F84360011D799 /* sectionBackground.png in Resources */ = {isa = PBXBuildFile; fileRef = A1CB058B1C4F84360011D799 /* sectionBackground.png */; };
		A1CB05B51C4F84360011D799 /* sectionBackground@2x.png in Resources */ = {isa = PBXBuildFile; fileRef = A1CB058C1C4F84360011D799 /* sectionBackground@2x.png */; };
		A1CB05B61C4F84360011D799 /* fileteUva@2x.png in Resources */ = {isa = PBXBuildFile; fileRef = A1CB058D1C4F84360011D799 /* fileteUva@2x.png */; };
		A1CB05B71C4F84360011D799 /* www.png in Resources */ = {isa = PBXBuildFile; fileRef = A1CB058E1C4F84360011D799 /* www.png */; };
		A1CB05B81C4F84360011D799 /* www@2x.png in Resources */ = {isa = PBXBuildFile; fileRef = A1CB058F1C4F84360011D799 /* www@2x.png */; };
		A1CB05B91C4F84360011D799 /* agbo.png in Resources */ = {isa = PBXBuildFile; fileRef = A1CB05901C4F84360011D799 /* agbo.png */; };
		A1CB05BA1C4F84360011D799 /* agbo@2x.png in Resources */ = {isa = PBXBuildFile; fileRef = A1CB05911C4F84360011D799 /* agbo@2x.png */; };
		A1CB05BB1C4F84360011D799 /* fileteBodegaLandscape.png in Resources */ = {isa = PBXBuildFile; fileRef = A1CB05921C4F84360011D799 /* fileteBodegaLandscape.png */; };
		A1CB05BC1C4F84360011D799 /* fileteBodegaLandscape@2x.png in Resources */ = {isa = PBXBuildFile; fileRef = A1CB05931C4F84360011D799 /* fileteBodegaLandscape@2x.png */; };
		A1CB05BD1C4F84360011D799 /* fileteOrigenLandscape.png in Resources */ = {isa = PBXBuildFile; fileRef = A1CB05941C4F84360011D799 /* fileteOrigenLandscape.png */; };
		A1CB05BE1C4F84360011D799 /* fileteOrigenLandscape@2x.png in Resources */ = {isa = PBXBuildFile; fileRef = A1CB05951C4F84360011D799 /* fileteOrigenLandscape@2x.png */; };
		A1CB05BF1C4F84360011D799 /* fileteTipoLandscape.png in Resources */ = {isa = PBXBuildFile; fileRef = A1CB05961C4F84360011D799 /* fileteTipoLandscape.png */; };
		A1CB05C01C4F84360011D799 /* fileteTipoLandscape@2x.png in Resources */ = {isa = PBXBuildFile; fileRef = A1CB05971C4F84360011D799 /* fileteTipoLandscape@2x.png */; };
		A1CB05C11C4F84360011D799 /* fileteUvaPortrait.png in Resources */ = {isa = PBXBuildFile; fileRef = A1CB05981C4F84360011D799 /* fileteUvaPortrait.png */; };
		A1CB05C21C4F84360011D799 /* fileteUvaPortrait@2x.png in Resources */ = {isa = PBXBuildFile; fileRef = A1CB05991C4F84360011D799 /* fileteUvaPortrait@2x.png */; };
		A1CB05C31C4F84360011D799 /* navBarBackgroundLandscape.png in Resources */ = {isa = PBXBuildFile; fileRef = A1CB059A1C4F84360011D799 /* navBarBackgroundLandscape.png */; };
		A1CB05C41C4F84360011D799 /* navBarBackgroundLandscape@2x.png in Resources */ = {isa = PBXBuildFile; fileRef = A1CB059B1C4F84360011D799 /* navBarBackgroundLandscape@2x.png */; };
		A1CB05C51C4F84360011D799 /* navBarBackgroundPortrait.png in Resources */ = {isa = PBXBuildFile; fileRef = A1CB059C1C4F84360011D799 /* navBarBackgroundPortrait.png */; };
		A1CB05C61C4F84360011D799 /* navBarBackgroundPortrait@2x.png in Resources */ = {isa = PBXBuildFile; fileRef = A1CB059D1C4F84360011D799 /* navBarBackgroundPortrait@2x.png */; };
		A1CB05C71C4F84360011D799 /* backBtn.png in Resources */ = {isa = PBXBuildFile; fileRef = A1CB059E1C4F84360011D799 /* backBtn.png */; };
		A1CB05C81C4F84360011D799 /* backBtn@2x.png in Resources */ = {isa = PBXBuildFile; fileRef = A1CB059F1C4F84360011D799 /* backBtn@2x.png */; };
		A1CB05C91C4F84360011D799 /* Valentina-Regular.otf in Resources */ = {isa = PBXBuildFile; fileRef = A1CB05A01C4F84360011D799 /* Valentina-Regular.otf */; };
		A1CB05CA1C4F84360011D799 /* btn_bg.png in Resources */ = {isa = PBXBuildFile; fileRef = A1CB05A11C4F84360011D799 /* btn_bg.png */; };
		A1CB05CB1C4F84360011D799 /* btn_bg@2x.png in Resources */ = {isa = PBXBuildFile; fileRef = A1CB05A21C4F84360011D799 /* btn_bg@2x.png */; };
		A1CB05CC1C4F84360011D799 /* cell_icon_bg.png in Resources */ = {isa = PBXBuildFile; fileRef = A1CB05A31C4F84360011D799 /* cell_icon_bg.png */; };
		A1CB05CD1C4F84360011D799 /* cell_icon_bg@2x.png in Resources */ = {isa = PBXBuildFile; fileRef = A1CB05A41C4F84360011D799 /* cell_icon_bg@2x.png */; };
		A1CB05CE1C4F84360011D799 /* cell_bg.png in Resources */ = {isa = PBXBuildFile; fileRef = A1CB05A51C4F84360011D799 /* cell_bg.png */; };
		A1CB05CF1C4F84360011D799 /* cell_bg@2x.png in Resources */ = {isa = PBXBuildFile; fileRef = A1CB05A61C4F84360011D799 /* cell_bg@2x.png */; };
		A1CB05D01C4F84360011D799 /* copa_cell.png in Resources */ = {isa = PBXBuildFile; fileRef = A1CB05A71C4F84360011D799 /* copa_cell.png */; };
		A1CB05D11C4F84360011D799 /* copa_cell@2x.png in Resources */ = {isa = PBXBuildFile; fileRef = A1CB05A81C4F84360011D799 /* copa_cell@2x.png */; };
		A1CB05D31C4FAB040011D799 /* FJLWineViewControlleriPhone.xib in Resources */ = {isa = PBXBuildFile; fileRef = A1CB05D21C4FAB040011D799 /* FJLWineViewControlleriPhone.xib */; };
		A1EC26011C31977800615B4A /* main.m in Sources */ = {isa = PBXBuildFile; fileRef = A1EC26001C31977800615B4A /* main.m */; };
		A1EC26041C31977800615B4A /* FJLAppDelegate.m in Sources */ = {isa = PBXBuildFile; fileRef = A1EC26031C31977800615B4A /* FJLAppDelegate.m */; };
		A1EC26061C31977800615B4A /* Assets.xcassets in Resources */ = {isa = PBXBuildFile; fileRef = A1EC26051C31977800615B4A /* Assets.xcassets */; };
		A1EC26121C3197E700615B4A /* FJLWineModel.m in Sources */ = {isa = PBXBuildFile; fileRef = A1EC26111C3197E700615B4A /* FJLWineModel.m */; };
		A1EC261D1C31A35900615B4A /* FJLWineViewController.xib in Resources */ = {isa = PBXBuildFile; fileRef = A1EC261B1C31A23700615B4A /* FJLWineViewController.xib */; };
/* End PBXBuildFile section */

/* Begin PBXFileReference section */
		A1CB04C81C31BEDA0011D799 /* FJLWineViewController.h */ = {isa = PBXFileReference; fileEncoding = 4; lastKnownFileType = sourcecode.c.h; name = FJLWineViewController.h; path = ../FJLWineViewController.h; sourceTree = "<group>"; };
		A1CB04C91C31BEDA0011D799 /* FJLWineViewController.m */ = {isa = PBXFileReference; fileEncoding = 4; lastKnownFileType = sourcecode.c.objc; name = FJLWineViewController.m; path = ../FJLWineViewController.m; sourceTree = "<group>"; };
		A1CB04CD1C32FFBE0011D799 /* splitView_score_glass@2x.png */ = {isa = PBXFileReference; lastKnownFileType = image.png; path = "splitView_score_glass@2x.png"; sourceTree = "<group>"; };
		A1CB04D01C3301420011D799 /* bembibre.jpg */ = {isa = PBXFileReference; lastKnownFileType = image.jpeg; path = bembibre.jpg; sourceTree = "<group>"; };
		A1CB04D81C33EECF0011D799 /* Baccus-Info.plist */ = {isa = PBXFileReference; fileEncoding = 4; lastKnownFileType = text.plist.xml; path = "Baccus-Info.plist"; sourceTree = "<group>"; };
		A1CB04E31C33F9CA0011D799 /* FJLWebViewController.h */ = {isa = PBXFileReference; fileEncoding = 4; lastKnownFileType = sourcecode.c.h; path = FJLWebViewController.h; sourceTree = "<group>"; };
		A1CB04E41C33F9CA0011D799 /* FJLWebViewController.m */ = {isa = PBXFileReference; fileEncoding = 4; lastKnownFileType = sourcecode.c.objc; path = FJLWebViewController.m; sourceTree = "<group>"; };
		A1CB04E51C33F9CA0011D799 /* FJLWebViewController.xib */ = {isa = PBXFileReference; fileEncoding = 4; lastKnownFileType = file.xib; path = FJLWebViewController.xib; sourceTree = "<group>"; };
		A1CB053B1C344CF70011D799 /* comtesDeChampagne.jpg */ = {isa = PBXFileReference; lastKnownFileType = image.jpeg; path = comtesDeChampagne.jpg; sourceTree = "<group>"; };
		A1CB053D1C344CFD0011D799 /* zarate.gif */ = {isa = PBXFileReference; lastKnownFileType = image.gif; path = zarate.gif; sourceTree = "<group>"; };
		A1CB053F1C3E74190011D799 /* FJLWineryModel.h */ = {isa = PBXFileReference; fileEncoding = 4; lastKnownFileType = sourcecode.c.h; path = FJLWineryModel.h; sourceTree = "<group>"; };
		A1CB05401C3E74190011D799 /* FJLWineryModel.m */ = {isa = PBXFileReference; fileEncoding = 4; lastKnownFileType = sourcecode.c.objc; path = FJLWineryModel.m; sourceTree = "<group>"; };
		A1CB05421C3E7EC80011D799 /* FJLWineryTableViewController.h */ = {isa = PBXFileReference; fileEncoding = 4; lastKnownFileType = sourcecode.c.h; path = FJLWineryTableViewController.h; sourceTree = "<group>"; };
		A1CB05431C3E7EC80011D799 /* FJLWineryTableViewController.m */ = {isa = PBXFileReference; fileEncoding = 4; lastKnownFileType = sourcecode.c.objc; path = FJLWineryTableViewController.m; sourceTree = "<group>"; };
		A1CB056E1C4F84080011D799 /* Default.png */ = {isa = PBXFileReference; lastKnownFileType = image.png; path = Default.png; sourceTree = "<group>"; };
		A1CB056F1C4F84080011D799 /* Default-Portrait~ipad.png */ = {isa = PBXFileReference; lastKnownFileType = image.png; path = "Default-Portrait~ipad.png"; sourceTree = "<group>"; };
		A1CB05701C4F84080011D799 /* Default-Portrait@2x~ipad.png */ = {isa = PBXFileReference; lastKnownFileType = image.png; path = "Default-Portrait@2x~ipad.png"; sourceTree = "<group>"; };
		A1CB05711C4F84080011D799 /* Default@2x.png */ = {isa = PBXFileReference; lastKnownFileType = image.png; path = "Default@2x.png"; sourceTree = "<group>"; };
		A1CB05721C4F84080011D799 /* Default-568h@2x.png */ = {isa = PBXFileReference; lastKnownFileType = image.png; path = "Default-568h@2x.png"; sourceTree = "<group>"; };
		A1CB05731C4F84080011D799 /* IconiPhone.png */ = {isa = PBXFileReference; lastKnownFileType = image.png; path = IconiPhone.png; sourceTree = "<group>"; };
		A1CB05741C4F84080011D799 /* IconiPhone@2x.png */ = {isa = PBXFileReference; lastKnownFileType = image.png; path = "IconiPhone@2x.png"; sourceTree = "<group>"; };
		A1CB05751C4F84080011D799 /* Icon-72@2x.png */ = {isa = PBXFileReference; lastKnownFileType = image.png; path = "Icon-72@2x.png"; sourceTree = "<group>"; };
		A1CB05761C4F84080011D799 /* Icon-72.png */ = {isa = PBXFileReference; lastKnownFileType = image.png; path = "Icon-72.png"; sourceTree = "<group>"; };
		A1CB05801C4F84360011D799 /* navBarBackgroundPortraitiPad.png */ = {isa = PBXFileReference; lastKnownFileType = image.png; path = navBarBackgroundPortraitiPad.png; sourceTree = "<group>"; };
		A1CB05811C4F84360011D799 /* navBarBackgroundPortraitiPad@2x.png */ = {isa = PBXFileReference; lastKnownFileType = image.png; path = "navBarBackgroundPortraitiPad@2x.png"; sourceTree = "<group>"; };
		A1CB05821C4F84360011D799 /* navBarBackgroundLandscapeiPad.png */ = {isa = PBXFileReference; lastKnownFileType = image.png; path = navBarBackgroundLandscapeiPad.png; sourceTree = "<group>"; };
		A1CB05831C4F84360011D799 /* navBarBackgroundLandscapeiPad@2x.png */ = {isa = PBXFileReference; lastKnownFileType = image.png; path = "navBarBackgroundLandscapeiPad@2x.png"; sourceTree = "<group>"; };
		A1CB05841C4F84360011D799 /* fileteBodega.png */ = {isa = PBXFileReference; lastKnownFileType = image.png; path = fileteBodega.png; sourceTree = "<group>"; };
		A1CB05851C4F84360011D799 /* fileteBodega@2x.png */ = {isa = PBXFileReference; lastKnownFileType = image.png; path = "fileteBodega@2x.png"; sourceTree = "<group>"; };
		A1CB05861C4F84360011D799 /* fileteTipo.png */ = {isa = PBXFileReference; lastKnownFileType = image.png; path = fileteTipo.png; sourceTree = "<group>"; };
		A1CB05871C4F84360011D799 /* fileteTipo@2x.png */ = {isa = PBXFileReference; lastKnownFileType = image.png; path = "fileteTipo@2x.png"; sourceTree = "<group>"; };
		A1CB05881C4F84360011D799 /* fileteDenominacion.png */ = {isa = PBXFileReference; lastKnownFileType = image.png; path = fileteDenominacion.png; sourceTree = "<group>"; };
		A1CB05891C4F84360011D799 /* fileteDenominacion@2x.png */ = {isa = PBXFileReference; lastKnownFileType = image.png; path = "fileteDenominacion@2x.png"; sourceTree = "<group>"; };
		A1CB058A1C4F84360011D799 /* fileteUva.png */ = {isa = PBXFileReference; lastKnownFileType = image.png; path = fileteUva.png; sourceTree = "<group>"; };
		A1CB058B1C4F84360011D799 /* sectionBackground.png */ = {isa = PBXFileReference; lastKnownFileType = image.png; path = sectionBackground.png; sourceTree = "<group>"; };
		A1CB058C1C4F84360011D799 /* sectionBackground@2x.png */ = {isa = PBXFileReference; lastKnownFileType = image.png; path = "sectionBackground@2x.png"; sourceTree = "<group>"; };
		A1CB058D1C4F84360011D799 /* fileteUva@2x.png */ = {isa = PBXFileReference; lastKnownFileType = image.png; path = "fileteUva@2x.png"; sourceTree = "<group>"; };
		A1CB058E1C4F84360011D799 /* www.png */ = {isa = PBXFileReference; lastKnownFileType = image.png; path = www.png; sourceTree = "<group>"; };
		A1CB058F1C4F84360011D799 /* www@2x.png */ = {isa = PBXFileReference; lastKnownFileType = image.png; path = "www@2x.png"; sourceTree = "<group>"; };
		A1CB05901C4F84360011D799 /* agbo.png */ = {isa = PBXFileReference; lastKnownFileType = image.png; path = agbo.png; sourceTree = "<group>"; };
		A1CB05911C4F84360011D799 /* agbo@2x.png */ = {isa = PBXFileReference; lastKnownFileType = image.png; path = "agbo@2x.png"; sourceTree = "<group>"; };
		A1CB05921C4F84360011D799 /* fileteBodegaLandscape.png */ = {isa = PBXFileReference; lastKnownFileType = image.png; path = fileteBodegaLandscape.png; sourceTree = "<group>"; };
		A1CB05931C4F84360011D799 /* fileteBodegaLandscape@2x.png */ = {isa = PBXFileReference; lastKnownFileType = image.png; path = "fileteBodegaLandscape@2x.png"; sourceTree = "<group>"; };
		A1CB05941C4F84360011D799 /* fileteOrigenLandscape.png */ = {isa = PBXFileReference; lastKnownFileType = image.png; path = fileteOrigenLandscape.png; sourceTree = "<group>"; };
		A1CB05951C4F84360011D799 /* fileteOrigenLandscape@2x.png */ = {isa = PBXFileReference; lastKnownFileType = image.png; path = "fileteOrigenLandscape@2x.png"; sourceTree = "<group>"; };
		A1CB05961C4F84360011D799 /* fileteTipoLandscape.png */ = {isa = PBXFileReference; lastKnownFileType = image.png; path = fileteTipoLandscape.png; sourceTree = "<group>"; };
		A1CB05971C4F84360011D799 /* fileteTipoLandscape@2x.png */ = {isa = PBXFileReference; lastKnownFileType = image.png; path = "fileteTipoLandscape@2x.png"; sourceTree = "<group>"; };
		A1CB05981C4F84360011D799 /* fileteUvaPortrait.png */ = {isa = PBXFileReference; lastKnownFileType = image.png; path = fileteUvaPortrait.png; sourceTree = "<group>"; };
		A1CB05991C4F84360011D799 /* fileteUvaPortrait@2x.png */ = {isa = PBXFileReference; lastKnownFileType = image.png; path = "fileteUvaPortrait@2x.png"; sourceTree = "<group>"; };
		A1CB059A1C4F84360011D799 /* navBarBackgroundLandscape.png */ = {isa = PBXFileReference; lastKnownFileType = image.png; path = navBarBackgroundLandscape.png; sourceTree = "<group>"; };
		A1CB059B1C4F84360011D799 /* navBarBackgroundLandscape@2x.png */ = {isa = PBXFileReference; lastKnownFileType = image.png; path = "navBarBackgroundLandscape@2x.png"; sourceTree = "<group>"; };
		A1CB059C1C4F84360011D799 /* navBarBackgroundPortrait.png */ = {isa = PBXFileReference; lastKnownFileType = image.png; path = navBarBackgroundPortrait.png; sourceTree = "<group>"; };
		A1CB059D1C4F84360011D799 /* navBarBackgroundPortrait@2x.png */ = {isa = PBXFileReference; lastKnownFileType = image.png; path = "navBarBackgroundPortrait@2x.png"; sourceTree = "<group>"; };
		A1CB059E1C4F84360011D799 /* backBtn.png */ = {isa = PBXFileReference; lastKnownFileType = image.png; path = backBtn.png; sourceTree = "<group>"; };
		A1CB059F1C4F84360011D799 /* backBtn@2x.png */ = {isa = PBXFileReference; lastKnownFileType = image.png; path = "backBtn@2x.png"; sourceTree = "<group>"; };
		A1CB05A01C4F84360011D799 /* Valentina-Regular.otf */ = {isa = PBXFileReference; lastKnownFileType = file; path = "Valentina-Regular.otf"; sourceTree = "<group>"; };
		A1CB05A11C4F84360011D799 /* btn_bg.png */ = {isa = PBXFileReference; lastKnownFileType = image.png; path = btn_bg.png; sourceTree = "<group>"; };
		A1CB05A21C4F84360011D799 /* btn_bg@2x.png */ = {isa = PBXFileReference; lastKnownFileType = image.png; path = "btn_bg@2x.png"; sourceTree = "<group>"; };
		A1CB05A31C4F84360011D799 /* cell_icon_bg.png */ = {isa = PBXFileReference; lastKnownFileType = image.png; path = cell_icon_bg.png; sourceTree = "<group>"; };
		A1CB05A41C4F84360011D799 /* cell_icon_bg@2x.png */ = {isa = PBXFileReference; lastKnownFileType = image.png; path = "cell_icon_bg@2x.png"; sourceTree = "<group>"; };
		A1CB05A51C4F84360011D799 /* cell_bg.png */ = {isa = PBXFileReference; lastKnownFileType = image.png; path = cell_bg.png; sourceTree = "<group>"; };
		A1CB05A61C4F84360011D799 /* cell_bg@2x.png */ = {isa = PBXFileReference; lastKnownFileType = image.png; path = "cell_bg@2x.png"; sourceTree = "<group>"; };
		A1CB05A71C4F84360011D799 /* copa_cell.png */ = {isa = PBXFileReference; lastKnownFileType = image.png; path = copa_cell.png; sourceTree = "<group>"; };
		A1CB05A81C4F84360011D799 /* copa_cell@2x.png */ = {isa = PBXFileReference; lastKnownFileType = image.png; path = "copa_cell@2x.png"; sourceTree = "<group>"; };
		A1CB05D21C4FAB040011D799 /* FJLWineViewControlleriPhone.xib */ = {isa = PBXFileReference; fileEncoding = 4; lastKnownFileType = file.xib; path = FJLWineViewControlleriPhone.xib; sourceTree = "<group>"; };
		A1EC25FC1C31977800615B4A /* Baccus.app */ = {isa = PBXFileReference; explicitFileType = wrapper.application; includeInIndex = 0; path = Baccus.app; sourceTree = BUILT_PRODUCTS_DIR; };
		A1EC26001C31977800615B4A /* main.m */ = {isa = PBXFileReference; lastKnownFileType = sourcecode.c.objc; path = main.m; sourceTree = "<group>"; };
		A1EC26021C31977800615B4A /* FJLAppDelegate.h */ = {isa = PBXFileReference; lastKnownFileType = sourcecode.c.h; path = FJLAppDelegate.h; sourceTree = "<group>"; };
		A1EC26031C31977800615B4A /* FJLAppDelegate.m */ = {isa = PBXFileReference; lastKnownFileType = sourcecode.c.objc; path = FJLAppDelegate.m; sourceTree = "<group>"; };
		A1EC26051C31977800615B4A /* Assets.xcassets */ = {isa = PBXFileReference; lastKnownFileType = folder.assetcatalog; name = Assets.xcassets; path = Baccus/Assets.xcassets; sourceTree = "<group>"; };
		A1EC260A1C31977800615B4A /* Info.plist */ = {isa = PBXFileReference; lastKnownFileType = text.plist.xml; path = Info.plist; sourceTree = "<group>"; };
		A1EC26101C3197E700615B4A /* FJLWineModel.h */ = {isa = PBXFileReference; fileEncoding = 4; lastKnownFileType = sourcecode.c.h; path = FJLWineModel.h; sourceTree = "<group>"; };
		A1EC26111C3197E700615B4A /* FJLWineModel.m */ = {isa = PBXFileReference; fileEncoding = 4; lastKnownFileType = sourcecode.c.objc; path = FJLWineModel.m; sourceTree = "<group>"; };
		A1EC261B1C31A23700615B4A /* FJLWineViewController.xib */ = {isa = PBXFileReference; lastKnownFileType = file.xib; path = FJLWineViewController.xib; sourceTree = "<group>"; };
/* End PBXFileReference section */

/* Begin PBXFrameworksBuildPhase section */
		A1EC25F91C31977800615B4A /* Frameworks */ = {
			isa = PBXFrameworksBuildPhase;
			buildActionMask = 2147483647;
			files = (
			);
			runOnlyForDeploymentPostprocessing = 0;
		};
/* End PBXFrameworksBuildPhase section */

/* Begin PBXGroup section */
		A1CB04CF1C32FFCB0011D799 /* Resources */ = {
			isa = PBXGroup;
			children = (
				A1CB05801C4F84360011D799 /* navBarBackgroundPortraitiPad.png */,
				A1CB05811C4F84360011D799 /* navBarBackgroundPortraitiPad@2x.png */,
				A1CB05821C4F84360011D799 /* navBarBackgroundLandscapeiPad.png */,
				A1CB05831C4F84360011D799 /* navBarBackgroundLandscapeiPad@2x.png */,
				A1CB05841C4F84360011D799 /* fileteBodega.png */,
				A1CB05851C4F84360011D799 /* fileteBodega@2x.png */,
				A1CB05861C4F84360011D799 /* fileteTipo.png */,
				A1CB05871C4F84360011D799 /* fileteTipo@2x.png */,
				A1CB05881C4F84360011D799 /* fileteDenominacion.png */,
				A1CB05891C4F84360011D799 /* fileteDenominacion@2x.png */,
				A1CB058A1C4F84360011D799 /* fileteUva.png */,
				A1CB058B1C4F84360011D799 /* sectionBackground.png */,
				A1CB058C1C4F84360011D799 /* sectionBackground@2x.png */,
				A1CB058D1C4F84360011D799 /* fileteUva@2x.png */,
				A1CB058E1C4F84360011D799 /* www.png */,
				A1CB058F1C4F84360011D799 /* www@2x.png */,
				A1CB05901C4F84360011D799 /* agbo.png */,
				A1CB05911C4F84360011D799 /* agbo@2x.png */,
				A1CB05921C4F84360011D799 /* fileteBodegaLandscape.png */,
				A1CB05931C4F84360011D799 /* fileteBodegaLandscape@2x.png */,
				A1CB05941C4F84360011D799 /* fileteOrigenLandscape.png */,
				A1CB05951C4F84360011D799 /* fileteOrigenLandscape@2x.png */,
				A1CB05961C4F84360011D799 /* fileteTipoLandscape.png */,
				A1CB05971C4F84360011D799 /* fileteTipoLandscape@2x.png */,
				A1CB05981C4F84360011D799 /* fileteUvaPortrait.png */,
				A1CB05991C4F84360011D799 /* fileteUvaPortrait@2x.png */,
				A1CB059A1C4F84360011D799 /* navBarBackgroundLandscape.png */,
				A1CB059B1C4F84360011D799 /* navBarBackgroundLandscape@2x.png */,
				A1CB059C1C4F84360011D799 /* navBarBackgroundPortrait.png */,
				A1CB059D1C4F84360011D799 /* navBarBackgroundPortrait@2x.png */,
				A1CB059E1C4F84360011D799 /* backBtn.png */,
				A1CB059F1C4F84360011D799 /* backBtn@2x.png */,
				A1CB05A01C4F84360011D799 /* Valentina-Regular.otf */,
				A1CB05A11C4F84360011D799 /* btn_bg.png */,
				A1CB05A21C4F84360011D799 /* btn_bg@2x.png */,
				A1CB05A31C4F84360011D799 /* cell_icon_bg.png */,
				A1CB05A41C4F84360011D799 /* cell_icon_bg@2x.png */,
				A1CB05A51C4F84360011D799 /* cell_bg.png */,
				A1CB05A61C4F84360011D799 /* cell_bg@2x.png */,
				A1CB05A71C4F84360011D799 /* copa_cell.png */,
				A1CB05A81C4F84360011D799 /* copa_cell@2x.png */,
				A1CB04D01C3301420011D799 /* bembibre.jpg */,
				A1CB04CD1C32FFBE0011D799 /* splitView_score_glass@2x.png */,
				A1CB053B1C344CF70011D799 /* comtesDeChampagne.jpg */,
				A1CB053D1C344CFD0011D799 /* zarate.gif */,
			);
			name = Resources;
			path = ..;
			sourceTree = "<group>";
		};
		A1EC25F31C31977800615B4A = {
			isa = PBXGroup;
			children = (
				A1CB056E1C4F84080011D799 /* Default.png */,
				A1CB056F1C4F84080011D799 /* Default-Portrait~ipad.png */,
				A1CB05701C4F84080011D799 /* Default-Portrait@2x~ipad.png */,
				A1CB05711C4F84080011D799 /* Default@2x.png */,
				A1CB05721C4F84080011D799 /* Default-568h@2x.png */,
				A1CB05731C4F84080011D799 /* IconiPhone.png */,
				A1CB05741C4F84080011D799 /* IconiPhone@2x.png */,
				A1CB05751C4F84080011D799 /* Icon-72@2x.png */,
				A1CB05761C4F84080011D799 /* Icon-72.png */,
				A1EC25FE1C31977800615B4A /* Baccus */,
				A1EC26051C31977800615B4A /* Assets.xcassets */,
				A1EC25FD1C31977800615B4A /* Products */,
			);
			sourceTree = "<group>";
		};
		A1EC25FD1C31977800615B4A /* Products */ = {
			isa = PBXGroup;
			children = (
				A1EC25FC1C31977800615B4A /* Baccus.app */,
			);
			name = Products;
			sourceTree = "<group>";
		};
		A1EC25FE1C31977800615B4A /* Baccus */ = {
			isa = PBXGroup;
			children = (
				A1CB04CF1C32FFCB0011D799 /* Resources */,
				A1EC26021C31977800615B4A /* FJLAppDelegate.h */,
				A1EC26031C31977800615B4A /* FJLAppDelegate.m */,
				A1EC26131C3197F600615B4A /* Models */,
				A1EC261C1C31A2C100615B4A /* Controllers */,
				A1EC25FF1C31977800615B4A /* Supporting Files */,
			);
			path = Baccus;
			sourceTree = "<group>";
		};
		A1EC25FF1C31977800615B4A /* Supporting Files */ = {
			isa = PBXGroup;
			children = (
				A1CB04D81C33EECF0011D799 /* Baccus-Info.plist */,
				A1EC26001C31977800615B4A /* main.m */,
				A1EC260A1C31977800615B4A /* Info.plist */,
			);
			name = "Supporting Files";
			sourceTree = "<group>";
		};
		A1EC26131C3197F600615B4A /* Models */ = {
			isa = PBXGroup;
			children = (
				A1EC26101C3197E700615B4A /* FJLWineModel.h */,
				A1EC26111C3197E700615B4A /* FJLWineModel.m */,
				A1CB053F1C3E74190011D799 /* FJLWineryModel.h */,
				A1CB05401C3E74190011D799 /* FJLWineryModel.m */,
			);
			name = Models;
			sourceTree = "<group>";
		};
		A1EC261C1C31A2C100615B4A /* Controllers */ = {
			isa = PBXGroup;
			children = (
				A1CB04C81C31BEDA0011D799 /* FJLWineViewController.h */,
				A1CB04C91C31BEDA0011D799 /* FJLWineViewController.m */,
				A1EC261B1C31A23700615B4A /* FJLWineViewController.xib */,
				A1CB04E31C33F9CA0011D799 /* FJLWebViewController.h */,
				A1CB04E41C33F9CA0011D799 /* FJLWebViewController.m */,
				A1CB04E51C33F9CA0011D799 /* FJLWebViewController.xib */,
				A1CB05421C3E7EC80011D799 /* FJLWineryTableViewController.h */,
				A1CB05431C3E7EC80011D799 /* FJLWineryTableViewController.m */,
				A1CB05D21C4FAB040011D799 /* FJLWineViewControlleriPhone.xib */,
			);
			name = Controllers;
			sourceTree = "<group>";
		};
/* End PBXGroup section */

/* Begin PBXNativeTarget section */
		A1EC25FB1C31977800615B4A /* Baccus */ = {
			isa = PBXNativeTarget;
			buildConfigurationList = A1EC260D1C31977800615B4A /* Build configuration list for PBXNativeTarget "Baccus" */;
			buildPhases = (
				A1EC25F81C31977800615B4A /* Sources */,
				A1EC25F91C31977800615B4A /* Frameworks */,
				A1EC25FA1C31977800615B4A /* Resources */,
			);
			buildRules = (
			);
			dependencies = (
			);
			name = Baccus;
			productName = Baccus;
			productReference = A1EC25FC1C31977800615B4A /* Baccus.app */;
			productType = "com.apple.product-type.application";
		};
/* End PBXNativeTarget section */

/* Begin PBXProject section */
		A1EC25F41C31977800615B4A /* Project object */ = {
			isa = PBXProject;
			attributes = {
				LastUpgradeCheck = 0720;
				ORGANIZATIONNAME = "Fran Lucena";
				TargetAttributes = {
					A1EC25FB1C31977800615B4A = {
						CreatedOnToolsVersion = 7.2;
					};
				};
			};
			buildConfigurationList = A1EC25F71C31977800615B4A /* Build configuration list for PBXProject "Baccus" */;
			compatibilityVersion = "Xcode 3.2";
			developmentRegion = English;
			hasScannedForEncodings = 0;
			knownRegions = (
				en,
				Base,
			);
			mainGroup = A1EC25F31C31977800615B4A;
			productRefGroup = A1EC25FD1C31977800615B4A /* Products */;
			projectDirPath = "";
			projectRoot = "";
			targets = (
				A1EC25FB1C31977800615B4A /* Baccus */,
			);
		};
/* End PBXProject section */

/* Begin PBXResourcesBuildPhase section */
		A1EC25FA1C31977800615B4A /* Resources */ = {
			isa = PBXResourcesBuildPhase;
			buildActionMask = 2147483647;
			files = (
				A1CB057A1C4F84080011D799 /* Default@2x.png in Resources */,
				A1CB05AC1C4F84360011D799 /* navBarBackgroundLandscapeiPad@2x.png in Resources */,
				A1CB05AD1C4F84360011D799 /* fileteBodega.png in Resources */,
				A1CB05CA1C4F84360011D799 /* btn_bg.png in Resources */,
				A1CB05CD1C4F84360011D799 /* cell_icon_bg@2x.png in Resources */,
				A1CB04D91C33EECF0011D799 /* Baccus-Info.plist in Resources */,
				A1CB05B61C4F84360011D799 /* fileteUva@2x.png in Resources */,
				A1CB05771C4F84080011D799 /* Default.png in Resources */,
				A1CB05B31C4F84360011D799 /* fileteUva.png in Resources */,
				A1CB053C1C344CF70011D799 /* comtesDeChampagne.jpg in Resources */,
				A1CB05C51C4F84360011D799 /* navBarBackgroundPortrait.png in Resources */,
				A1CB05D31C4FAB040011D799 /* FJLWineViewControlleriPhone.xib in Resources */,
				A1CB04CE1C32FFBE0011D799 /* splitView_score_glass@2x.png in Resources */,
				A1CB05AE1C4F84360011D799 /* fileteBodega@2x.png in Resources */,
				A1CB057C1C4F84080011D799 /* IconiPhone.png in Resources */,
				A1CB05CC1C4F84360011D799 /* cell_icon_bg.png in Resources */,
				A1EC26061C31977800615B4A /* Assets.xcassets in Resources */,
				A1CB05791C4F84080011D799 /* Default-Portrait@2x~ipad.png in Resources */,
				A1CB05B01C4F84360011D799 /* fileteTipo@2x.png in Resources */,
				A1CB05BB1C4F84360011D799 /* fileteBodegaLandscape.png in Resources */,
				A1CB05A91C4F84360011D799 /* navBarBackgroundPortraitiPad.png in Resources */,
				A1CB05B21C4F84360011D799 /* fileteDenominacion@2x.png in Resources */,
				A1CB05C61C4F84360011D799 /* navBarBackgroundPortrait@2x.png in Resources */,
				A1CB04D11C3301420011D799 /* bembibre.jpg in Resources */,
				A1CB053E1C344CFD0011D799 /* zarate.gif in Resources */,
				A1CB057E1C4F84080011D799 /* Icon-72@2x.png in Resources */,
				A1CB05CE1C4F84360011D799 /* cell_bg.png in Resources */,
				A1CB05D01C4F84360011D799 /* copa_cell.png in Resources */,
				A1CB05B11C4F84360011D799 /* fileteDenominacion.png in Resources */,
				A1CB05BC1C4F84360011D799 /* fileteBodegaLandscape@2x.png in Resources */,
				A1CB057B1C4F84080011D799 /* Default-568h@2x.png in Resources */,
				A1CB05B81C4F84360011D799 /* www@2x.png in Resources */,
				A1CB05D11C4F84360011D799 /* copa_cell@2x.png in Resources */,
				A1CB05B41C4F84360011D799 /* sectionBackground.png in Resources */,
				A1CB05C91C4F84360011D799 /* Valentina-Regular.otf in Resources */,
				A1CB05AB1C4F84360011D799 /* navBarBackgroundLandscapeiPad.png in Resources */,
				A1CB05781C4F84080011D799 /* Default-Portrait~ipad.png in Resources */,
				A1CB05C21C4F84360011D799 /* fileteUvaPortrait@2x.png in Resources */,
				A1CB05CF1C4F84360011D799 /* cell_bg@2x.png in Resources */,
				A1CB05BE1C4F84360011D799 /* fileteOrigenLandscape@2x.png in Resources */,
				A1CB05C31C4F84360011D799 /* navBarBackgroundLandscape.png in Resources */,
				A1CB04E71C33F9CA0011D799 /* FJLWebViewController.xib in Resources */,
				A1CB05B51C4F84360011D799 /* sectionBackground@2x.png in Resources */,
				A1CB05C11C4F84360011D799 /* fileteUvaPortrait.png in Resources */,
				A1CB05C71C4F84360011D799 /* backBtn.png in Resources */,
				A1CB057F1C4F84080011D799 /* Icon-72.png in Resources */,
				A1CB05BD1C4F84360011D799 /* fileteOrigenLandscape.png in Resources */,
				A1CB05BA1C4F84360011D799 /* agbo@2x.png in Resources */,
				A1EC261D1C31A35900615B4A /* FJLWineViewController.xib in Resources */,
				A1CB05C81C4F84360011D799 /* backBtn@2x.png in Resources */,
				A1CB05BF1C4F84360011D799 /* fileteTipoLandscape.png in Resources */,
				A1CB05AA1C4F84360011D799 /* navBarBackgroundPortraitiPad@2x.png in Resources */,
				A1CB05AF1C4F84360011D799 /* fileteTipo.png in Resources */,
				A1CB05CB1C4F84360011D799 /* btn_bg@2x.png in Resources */,
				A1CB057D1C4F84080011D799 /* IconiPhone@2x.png in Resources */,
				A1CB05C41C4F84360011D799 /* navBarBackgroundLandscape@2x.png in Resources */,
				A1CB05B91C4F84360011D799 /* agbo.png in Resources */,
				A1CB05B71C4F84360011D799 /* www.png in Resources */,
				A1CB05C01C4F84360011D799 /* fileteTipoLandscape@2x.png in Resources */,
			);
			runOnlyForDeploymentPostprocessing = 0;
		};
/* End PBXResourcesBuildPhase section */

/* Begin PBXSourcesBuildPhase section */
		A1EC25F81C31977800615B4A /* Sources */ = {
			isa = PBXSourcesBuildPhase;
			buildActionMask = 2147483647;
			files = (
				A1CB04CB1C31BEDA0011D799 /* FJLWineViewController.m in Sources */,
				A1CB05441C3E7EC80011D799 /* FJLWineryTableViewController.m in Sources */,
				A1EC26121C3197E700615B4A /* FJLWineModel.m in Sources */,
				A1CB04E61C33F9CA0011D799 /* FJLWebViewController.m in Sources */,
				A1EC26041C31977800615B4A /* FJLAppDelegate.m in Sources */,
				A1CB05411C3E74190011D799 /* FJLWineryModel.m in Sources */,
				A1EC26011C31977800615B4A /* main.m in Sources */,
			);
			runOnlyForDeploymentPostprocessing = 0;
		};
/* End PBXSourcesBuildPhase section */

/* Begin XCBuildConfiguration section */
		A1EC260B1C31977800615B4A /* Debug */ = {
			isa = XCBuildConfiguration;
			buildSettings = {
				ALWAYS_SEARCH_USER_PATHS = NO;
				CLANG_CXX_LANGUAGE_STANDARD = "gnu++0x";
				CLANG_CXX_LIBRARY = "libc++";
				CLANG_ENABLE_MODULES = YES;
				CLANG_ENABLE_OBJC_ARC = YES;
				CLANG_WARN_BOOL_CONVERSION = YES;
				CLANG_WARN_CONSTANT_CONVERSION = YES;
				CLANG_WARN_DIRECT_OBJC_ISA_USAGE = YES_ERROR;
				CLANG_WARN_EMPTY_BODY = YES;
				CLANG_WARN_ENUM_CONVERSION = YES;
				CLANG_WARN_INT_CONVERSION = YES;
				CLANG_WARN_OBJC_ROOT_CLASS = YES_ERROR;
				CLANG_WARN_UNREACHABLE_CODE = YES;
				CLANG_WARN__DUPLICATE_METHOD_MATCH = YES;
				"CODE_SIGN_IDENTITY[sdk=iphoneos*]" = "iPhone Developer";
				COPY_PHASE_STRIP = NO;
				DEBUG_INFORMATION_FORMAT = dwarf;
				ENABLE_STRICT_OBJC_MSGSEND = YES;
				ENABLE_TESTABILITY = YES;
				GCC_C_LANGUAGE_STANDARD = gnu99;
				GCC_DYNAMIC_NO_PIC = NO;
				GCC_NO_COMMON_BLOCKS = YES;
				GCC_OPTIMIZATION_LEVEL = 0;
				GCC_PREPROCESSOR_DEFINITIONS = (
					"DEBUG=1",
					"$(inherited)",
				);
				GCC_WARN_64_TO_32_BIT_CONVERSION = YES;
				GCC_WARN_ABOUT_RETURN_TYPE = YES_ERROR;
				GCC_WARN_UNDECLARED_SELECTOR = YES;
				GCC_WARN_UNINITIALIZED_AUTOS = YES_AGGRESSIVE;
				GCC_WARN_UNUSED_FUNCTION = YES;
				GCC_WARN_UNUSED_VARIABLE = YES;
				IPHONEOS_DEPLOYMENT_TARGET = 9.2;
				MTL_ENABLE_DEBUG_INFO = YES;
				ONLY_ACTIVE_ARCH = YES;
				SDKROOT = iphoneos;
				TARGETED_DEVICE_FAMILY = 2;
			};
			name = Debug;
		};
		A1EC260C1C31977800615B4A /* Release */ = {
			isa = XCBuildConfiguration;
			buildSettings = {
				ALWAYS_SEARCH_USER_PATHS = NO;
				CLANG_CXX_LANGUAGE_STANDARD = "gnu++0x";
				CLANG_CXX_LIBRARY = "libc++";
				CLANG_ENABLE_MODULES = YES;
				CLANG_ENABLE_OBJC_ARC = YES;
				CLANG_WARN_BOOL_CONVERSION = YES;
				CLANG_WARN_CONSTANT_CONVERSION = YES;
				CLANG_WARN_DIRECT_OBJC_ISA_USAGE = YES_ERROR;
				CLANG_WARN_EMPTY_BODY = YES;
				CLANG_WARN_ENUM_CONVERSION = YES;
				CLANG_WARN_INT_CONVERSION = YES;
				CLANG_WARN_OBJC_ROOT_CLASS = YES_ERROR;
				CLANG_WARN_UNREACHABLE_CODE = YES;
				CLANG_WARN__DUPLICATE_METHOD_MATCH = YES;
				"CODE_SIGN_IDENTITY[sdk=iphoneos*]" = "iPhone Developer";
				COPY_PHASE_STRIP = NO;
				DEBUG_INFORMATION_FORMAT = "dwarf-with-dsym";
				ENABLE_NS_ASSERTIONS = NO;
				ENABLE_STRICT_OBJC_MSGSEND = YES;
				GCC_C_LANGUAGE_STANDARD = gnu99;
				GCC_NO_COMMON_BLOCKS = YES;
				GCC_WARN_64_TO_32_BIT_CONVERSION = YES;
				GCC_WARN_ABOUT_RETURN_TYPE = YES_ERROR;
				GCC_WARN_UNDECLARED_SELECTOR = YES;
				GCC_WARN_UNINITIALIZED_AUTOS = YES_AGGRESSIVE;
				GCC_WARN_UNUSED_FUNCTION = YES;
				GCC_WARN_UNUSED_VARIABLE = YES;
				IPHONEOS_DEPLOYMENT_TARGET = 9.2;
				MTL_ENABLE_DEBUG_INFO = NO;
				SDKROOT = iphoneos;
				TARGETED_DEVICE_FAMILY = 2;
				VALIDATE_PRODUCT = YES;
			};
			name = Release;
		};
		A1EC260E1C31977800615B4A /* Debug */ = {
			isa = XCBuildConfiguration;
			buildSettings = {
				ASSETCATALOG_COMPILER_APPICON_NAME = AppIcon;
				FRAMEWORK_SEARCH_PATHS = (
					"$(inherited)",
					"$(PROJECT_DIR)",
				);
				INFOPLIST_FILE = Baccus/Info.plist;
				LD_RUNPATH_SEARCH_PATHS = "$(inherited) @executable_path/Frameworks";
				PRODUCT_BUNDLE_IDENTIFIER = "com.fran-lucena.Baccus";
				PRODUCT_NAME = "$(TARGET_NAME)";
				TARGETED_DEVICE_FAMILY = "1,2";
			};
			name = Debug;
		};
		A1EC260F1C31977800615B4A /* Release */ = {
			isa = XCBuildConfiguration;
			buildSettings = {
				ASSETCATALOG_COMPILER_APPICON_NAME = AppIcon;
				FRAMEWORK_SEARCH_PATHS = (
					"$(inherited)",
					"$(PROJECT_DIR)",
				);
				INFOPLIST_FILE = Baccus/Info.plist;
				LD_RUNPATH_SEARCH_PATHS = "$(inherited) @executable_path/Frameworks";
				PRODUCT_BUNDLE_IDENTIFIER = "com.fran-lucena.Baccus";
				PRODUCT_NAME = "$(TARGET_NAME)";
				TARGETED_DEVICE_FAMILY = "1,2";
			};
			name = Release;
		};
/* End XCBuildConfiguration section */

/* Begin XCConfigurationList section */
		A1EC25F71C31977800615B4A /* Build configuration list for PBXProject "Baccus" */ = {
			isa = XCConfigurationList;
			buildConfigurations = (
				A1EC260B1C31977800615B4A /* Debug */,
				A1EC260C1C31977800615B4A /* Release */,
			);
			defaultConfigurationIsVisible = 0;
			defaultConfigurationName = Release;
		};
		A1EC260D1C31977800615B4A /* Build configuration list for PBXNativeTarget "Baccus" */ = {
			isa = XCConfigurationList;
			buildConfigurations = (
				A1EC260E1C31977800615B4A /* Debug */,
				A1EC260F1C31977800615B4A /* Release */,
			);
			defaultConfigurationIsVisible = 0;
			defaultConfigurationName = Release;
		};
/* End XCConfigurationList section */
	};
	rootObject = A1EC25F41C31977800615B4A /* Project object */;
}
